// !$*UTF8*$!
{
	archiveVersion = 1;
	classes = {
	};
	objectVersion = 50;
	objects = {

/* Begin PBXBuildFile section */
		045CC00A22906BC90029D47F /* AppDelegate.swift in Sources */ = {isa = PBXBuildFile; fileRef = 045CC00922906BC90029D47F /* AppDelegate.swift */; };
		045CC00C22906BC90029D47F /* ViewController.swift in Sources */ = {isa = PBXBuildFile; fileRef = 045CC00B22906BC90029D47F /* ViewController.swift */; };
		045CC00F22906BC90029D47F /* Main.storyboard in Resources */ = {isa = PBXBuildFile; fileRef = 045CC00D22906BC90029D47F /* Main.storyboard */; };
		045CC01222906BC90029D47F /* BotonDePanicoIOS.xcdatamodeld in Sources */ = {isa = PBXBuildFile; fileRef = 045CC01022906BC90029D47F /* BotonDePanicoIOS.xcdatamodeld */; };
		045CC01422906BCA0029D47F /* Assets.xcassets in Resources */ = {isa = PBXBuildFile; fileRef = 045CC01322906BCA0029D47F /* Assets.xcassets */; };
		045CC01722906BCA0029D47F /* LaunchScreen.storyboard in Resources */ = {isa = PBXBuildFile; fileRef = 045CC01522906BCA0029D47F /* LaunchScreen.storyboard */; };
/* End PBXBuildFile section */

/* Begin PBXFileReference section */
		045CC00622906BC90029D47F /* BotonDePanicoIOS.app */ = {isa = PBXFileReference; explicitFileType = wrapper.application; includeInIndex = 0; path = BotonDePanicoIOS.app; sourceTree = BUILT_PRODUCTS_DIR; };
		045CC00922906BC90029D47F /* AppDelegate.swift */ = {isa = PBXFileReference; lastKnownFileType = sourcecode.swift; path = AppDelegate.swift; sourceTree = "<group>"; };
		045CC00B22906BC90029D47F /* ViewController.swift */ = {isa = PBXFileReference; lastKnownFileType = sourcecode.swift; path = ViewController.swift; sourceTree = "<group>"; };
		045CC00E22906BC90029D47F /* Base */ = {isa = PBXFileReference; lastKnownFileType = file.storyboard; name = Base; path = Base.lproj/Main.storyboard; sourceTree = "<group>"; };
		045CC01122906BC90029D47F /* BotonDePanicoIOS.xcdatamodel */ = {isa = PBXFileReference; lastKnownFileType = wrapper.xcdatamodel; path = BotonDePanicoIOS.xcdatamodel; sourceTree = "<group>"; };
		045CC01322906BCA0029D47F /* Assets.xcassets */ = {isa = PBXFileReference; lastKnownFileType = folder.assetcatalog; path = Assets.xcassets; sourceTree = "<group>"; };
		045CC01622906BCA0029D47F /* Base */ = {isa = PBXFileReference; lastKnownFileType = file.storyboard; name = Base; path = Base.lproj/LaunchScreen.storyboard; sourceTree = "<group>"; };
		045CC01822906BCA0029D47F /* Info.plist */ = {isa = PBXFileReference; lastKnownFileType = text.plist.xml; path = Info.plist; sourceTree = "<group>"; };
/* End PBXFileReference section */

/* Begin PBXFrameworksBuildPhase section */
		045CC00322906BC90029D47F /* Frameworks */ = {
			isa = PBXFrameworksBuildPhase;
			buildActionMask = 2147483647;
			files = (
			);
			runOnlyForDeploymentPostprocessing = 0;
		};
/* End PBXFrameworksBuildPhase section */

/* Begin PBXGroup section */
		045CBFFD22906BC90029D47F = {
			isa = PBXGroup;
			children = (
				045CC00822906BC90029D47F /* BotonDePanicoIOS */,
				045CC00722906BC90029D47F /* Products */,
			);
			sourceTree = "<group>";
		};
		045CC00722906BC90029D47F /* Products */ = {
			isa = PBXGroup;
			children = (
				045CC00622906BC90029D47F /* BotonDePanicoIOS.app */,
			);
			name = Products;
			sourceTree = "<group>";
		};
		045CC00822906BC90029D47F /* BotonDePanicoIOS */ = {
			isa = PBXGroup;
			children = (
				045CC00922906BC90029D47F /* AppDelegate.swift */,
				045CC00B22906BC90029D47F /* ViewController.swift */,
				045CC00D22906BC90029D47F /* Main.storyboard */,
				045CC01322906BCA0029D47F /* Assets.xcassets */,
				045CC01522906BCA0029D47F /* LaunchScreen.storyboard */,
				045CC01822906BCA0029D47F /* Info.plist */,
				045CC01022906BC90029D47F /* BotonDePanicoIOS.xcdatamodeld */,
			);
			path = BotonDePanicoIOS;
			sourceTree = "<group>";
		};
/* End PBXGroup section */

/* Begin PBXNativeTarget section */
		045CC00522906BC90029D47F /* BotonDePanicoIOS */ = {
			isa = PBXNativeTarget;
			buildConfigurationList = 045CC01B22906BCA0029D47F /* Build configuration list for PBXNativeTarget "BotonDePanicoIOS" */;
			buildPhases = (
				045CC00222906BC90029D47F /* Sources */,
				045CC00322906BC90029D47F /* Frameworks */,
				045CC00422906BC90029D47F /* Resources */,
			);
			buildRules = (
			);
			dependencies = (
			);
			name = BotonDePanicoIOS;
			productName = BotonDePanicoIOS;
			productReference = 045CC00622906BC90029D47F /* BotonDePanicoIOS.app */;
			productType = "com.apple.product-type.application";
		};
/* End PBXNativeTarget section */

/* Begin PBXProject section */
		045CBFFE22906BC90029D47F /* Project object */ = {
			isa = PBXProject;
			attributes = {
				LastSwiftUpdateCheck = 1020;
				LastUpgradeCheck = 1020;
				ORGANIZATIONNAME = "Andres Felipe De La Ossa Navarro";
				TargetAttributes = {
					045CC00522906BC90029D47F = {
						CreatedOnToolsVersion = 10.2.1;
					};
				};
			};
			buildConfigurationList = 045CC00122906BC90029D47F /* Build configuration list for PBXProject "BotonDePanicoIOS" */;
			compatibilityVersion = "Xcode 9.3";
			developmentRegion = en;
			hasScannedForEncodings = 0;
			knownRegions = (
				en,
				Base,
			);
			mainGroup = 045CBFFD22906BC90029D47F;
			productRefGroup = 045CC00722906BC90029D47F /* Products */;
			projectDirPath = "";
			projectRoot = "";
			targets = (
				045CC00522906BC90029D47F /* BotonDePanicoIOS */,
			);
		};
/* End PBXProject section */

/* Begin PBXResourcesBuildPhase section */
		045CC00422906BC90029D47F /* Resources */ = {
			isa = PBXResourcesBuildPhase;
			buildActionMask = 2147483647;
			files = (
				045CC01722906BCA0029D47F /* LaunchScreen.storyboard in Resources */,
				045CC01422906BCA0029D47F /* Assets.xcassets in Resources */,
				045CC00F22906BC90029D47F /* Main.storyboard in Resources */,
			);
			runOnlyForDeploymentPostprocessing = 0;
		};
/* End PBXResourcesBuildPhase section */

/* Begin PBXSourcesBuildPhase section */
		045CC00222906BC90029D47F /* Sources */ = {
			isa = PBXSourcesBuildPhase;
			buildActionMask = 2147483647;
			files = (
				045CC00C22906BC90029D47F /* ViewController.swift in Sources */,
				045CC01222906BC90029D47F /* BotonDePanicoIOS.xcdatamodeld in Sources */,
				045CC00A22906BC90029D47F /* AppDelegate.swift in Sources */,
			);
			runOnlyForDeploymentPostprocessing = 0;
		};
/* End PBXSourcesBuildPhase section */

/* Begin PBXVariantGroup section */
		045CC00D22906BC90029D47F /* Main.storyboard */ = {
			isa = PBXVariantGroup;
			children = (
				045CC00E22906BC90029D47F /* Base */,
			);
			name = Main.storyboard;
			sourceTree = "<group>";
		};
		045CC01522906BCA0029D47F /* LaunchScreen.storyboard */ = {
			isa = PBXVariantGroup;
			children = (
				045CC01622906BCA0029D47F /* Base */,
			);
			name = LaunchScreen.storyboard;
			sourceTree = "<group>";
		};
/* End PBXVariantGroup section */

/* Begin XCBuildConfiguration section */
		045CC01922906BCA0029D47F /* Debug */ = {
			isa = XCBuildConfiguration;
			buildSettings = {
				ALWAYS_SEARCH_USER_PATHS = NO;
				CLANG_ANALYZER_NONNULL = YES;
				CLANG_ANALYZER_NUMBER_OBJECT_CONVERSION = YES_AGGRESSIVE;
				CLANG_CXX_LANGUAGE_STANDARD = "gnu++14";
				CLANG_CXX_LIBRARY = "libc++";
				CLANG_ENABLE_MODULES = YES;
				CLANG_ENABLE_OBJC_ARC = YES;
				CLANG_ENABLE_OBJC_WEAK = YES;
				CLANG_WARN_BLOCK_CAPTURE_AUTORELEASING = YES;
				CLANG_WARN_BOOL_CONVERSION = YES;
				CLANG_WARN_COMMA = YES;
				CLANG_WARN_CONSTANT_CONVERSION = YES;
				CLANG_WARN_DEPRECATED_OBJC_IMPLEMENTATIONS = YES;
				CLANG_WARN_DIRECT_OBJC_ISA_USAGE = YES_ERROR;
				CLANG_WARN_DOCUMENTATION_COMMENTS = YES;
				CLANG_WARN_EMPTY_BODY = YES;
				CLANG_WARN_ENUM_CONVERSION = YES;
				CLANG_WARN_INFINITE_RECURSION = YES;
				CLANG_WARN_INT_CONVERSION = YES;
				CLANG_WARN_NON_LITERAL_NULL_CONVERSION = YES;
				CLANG_WARN_OBJC_IMPLICIT_RETAIN_SELF = YES;
				CLANG_WARN_OBJC_LITERAL_CONVERSION = YES;
				CLANG_WARN_OBJC_ROOT_CLASS = YES_ERROR;
				CLANG_WARN_RANGE_LOOP_ANALYSIS = YES;
				CLANG_WARN_STRICT_PROTOTYPES = YES;
				CLANG_WARN_SUSPICIOUS_MOVE = YES;
				CLANG_WARN_UNGUARDED_AVAILABILITY = YES_AGGRESSIVE;
				CLANG_WARN_UNREACHABLE_CODE = YES;
				CLANG_WARN__DUPLICATE_METHOD_MATCH = YES;
				CODE_SIGN_IDENTITY = "iPhone Developer";
				COPY_PHASE_STRIP = NO;
				DEBUG_INFORMATION_FORMAT = dwarf;
				ENABLE_STRICT_OBJC_MSGSEND = YES;
				ENABLE_TESTABILITY = YES;
				GCC_C_LANGUAGE_STANDARD = gnu11;
				GCC_DYNAMIC_NO_PIC = NO;
				GCC_NO_COMMON_BLOCKS = YES;
				GCC_OPTIMIZATION_LEVEL = 0;
				GCC_PREPROCESSOR_DEFINITIONS = (
					"DEBUG=1",
					"$(inherited)",
				);
				GCC_WARN_64_TO_32_BIT_CONVERSION = YES;
				GCC_WARN_ABOUT_RETURN_TYPE = YES_ERROR;
				GCC_WARN_UNDECLARED_SELECTOR = YES;
				GCC_WARN_UNINITIALIZED_AUTOS = YES_AGGRESSIVE;
				GCC_WARN_UNUSED_FUNCTION = YES;
				GCC_WARN_UNUSED_VARIABLE = YES;
				IPHONEOS_DEPLOYMENT_TARGET = 12.2;
				MTL_ENABLE_DEBUG_INFO = INCLUDE_SOURCE;
				MTL_FAST_MATH = YES;
				ONLY_ACTIVE_ARCH = YES;
				SDKROOT = iphoneos;
				SWIFT_ACTIVE_COMPILATION_CONDITIONS = DEBUG;
				SWIFT_OPTIMIZATION_LEVEL = "-Onone";
			};
			name = Debug;
		};
		045CC01A22906BCA0029D47F /* Release */ = {
			isa = XCBuildConfiguration;
			buildSettings = {
				ALWAYS_SEARCH_USER_PATHS = NO;
				CLANG_ANALYZER_NONNULL = YES;
				CLANG_ANALYZER_NUMBER_OBJECT_CONVERSION = YES_AGGRESSIVE;
				CLANG_CXX_LANGUAGE_STANDARD = "gnu++14";
				CLANG_CXX_LIBRARY = "libc++";
				CLANG_ENABLE_MODULES = YES;
				CLANG_ENABLE_OBJC_ARC = YES;
				CLANG_ENABLE_OBJC_WEAK = YES;
				CLANG_WARN_BLOCK_CAPTURE_AUTORELEASING = YES;
				CLANG_WARN_BOOL_CONVERSION = YES;
				CLANG_WARN_COMMA = YES;
				CLANG_WARN_CONSTANT_CONVERSION = YES;
				CLANG_WARN_DEPRECATED_OBJC_IMPLEMENTATIONS = YES;
				CLANG_WARN_DIRECT_OBJC_ISA_USAGE = YES_ERROR;
				CLANG_WARN_DOCUMENTATION_COMMENTS = YES;
				CLANG_WARN_EMPTY_BODY = YES;
				CLANG_WARN_ENUM_CONVERSION = YES;
				CLANG_WARN_INFINITE_RECURSION = YES;
				CLANG_WARN_INT_CONVERSION = YES;
				CLANG_WARN_NON_LITERAL_NULL_CONVERSION = YES;
				CLANG_WARN_OBJC_IMPLICIT_RETAIN_SELF = YES;
				CLANG_WARN_OBJC_LITERAL_CONVERSION = YES;
				CLANG_WARN_OBJC_ROOT_CLASS = YES_ERROR;
				CLANG_WARN_RANGE_LOOP_ANALYSIS = YES;
				CLANG_WARN_STRICT_PROTOTYPES = YES;
				CLANG_WARN_SUSPICIOUS_MOVE = YES;
				CLANG_WARN_UNGUARDED_AVAILABILITY = YES_AGGRESSIVE;
				CLANG_WARN_UNREACHABLE_CODE = YES;
				CLANG_WARN__DUPLICATE_METHOD_MATCH = YES;
				CODE_SIGN_IDENTITY = "iPhone Developer";
				COPY_PHASE_STRIP = NO;
				DEBUG_INFORMATION_FORMAT = "dwarf-with-dsym";
				ENABLE_NS_ASSERTIONS = NO;
				ENABLE_STRICT_OBJC_MSGSEND = YES;
				GCC_C_LANGUAGE_STANDARD = gnu11;
				GCC_NO_COMMON_BLOCKS = YES;
				GCC_WARN_64_TO_32_BIT_CONVERSION = YES;
				GCC_WARN_ABOUT_RETURN_TYPE = YES_ERROR;
				GCC_WARN_UNDECLARED_SELECTOR = YES;
				GCC_WARN_UNINITIALIZED_AUTOS = YES_AGGRESSIVE;
				GCC_WARN_UNUSED_FUNCTION = YES;
				GCC_WARN_UNUSED_VARIABLE = YES;
				IPHONEOS_DEPLOYMENT_TARGET = 12.2;
				MTL_ENABLE_DEBUG_INFO = NO;
				MTL_FAST_MATH = YES;
				SDKROOT = iphoneos;
				SWIFT_COMPILATION_MODE = wholemodule;
				SWIFT_OPTIMIZATION_LEVEL = "-O";
				VALIDATE_PRODUCT = YES;
			};
			name = Release;
		};
		045CC01C22906BCA0029D47F /* Debug */ = {
			isa = XCBuildConfiguration;
			buildSettings = {
				ASSETCATALOG_COMPILER_APPICON_NAME = AppIcon;
				CODE_SIGN_STYLE = Automatic;
				DEVELOPMENT_TEAM = P48P2G5UA9;
				INFOPLIST_FILE = BotonDePanicoIOS/Info.plist;
				LD_RUNPATH_SEARCH_PATHS = (
					"$(inherited)",
					"@executable_path/Frameworks",
				);
				PRODUCT_BUNDLE_IDENTIFIER = Ossa.BotonDePanicoIOS;
				PRODUCT_NAME = "$(TARGET_NAME)";
				SWIFT_VERSION = 5.0;
				TARGETED_DEVICE_FAMILY = "1,2";
			};
			name = Debug;
		};
		045CC01D22906BCA0029D47F /* Release */ = {
			isa = XCBuildConfiguration;
			buildSettings = {
				ASSETCATALOG_COMPILER_APPICON_NAME = AppIcon;
				CODE_SIGN_STYLE = Automatic;
				DEVELOPMENT_TEAM = P48P2G5UA9;
				INFOPLIST_FILE = BotonDePanicoIOS/Info.plist;
				LD_RUNPATH_SEARCH_PATHS = (
					"$(inherited)",
					"@executable_path/Frameworks",
				);
				PRODUCT_BUNDLE_IDENTIFIER = Ossa.BotonDePanicoIOS;
				PRODUCT_NAME = "$(TARGET_NAME)";
				SWIFT_VERSION = 5.0;
				TARGETED_DEVICE_FAMILY = "1,2";
			};
			name = Release;
		};
/* End XCBuildConfiguration section */

/* Begin XCConfigurationList section */
		045CC00122906BC90029D47F /* Build configuration list for PBXProject "BotonDePanicoIOS" */ = {
			isa = XCConfigurationList;
			buildConfigurations = (
				045CC01922906BCA0029D47F /* Debug */,
				045CC01A22906BCA0029D47F /* Release */,
			);
			defaultConfigurationIsVisible = 0;
			defaultConfigurationName = Release;
		};
		045CC01B22906BCA0029D47F /* Build configuration list for PBXNativeTarget "BotonDePanicoIOS" */ = {
			isa = XCConfigurationList;
			buildConfigurations = (
				045CC01C22906BCA0029D47F /* Debug */,
				045CC01D22906BCA0029D47F /* Release */,
			);
			defaultConfigurationIsVisible = 0;
			defaultConfigurationName = Release;
		};
/* End XCConfigurationList section */

/* Begin XCVersionGroup section */
		045CC01022906BC90029D47F /* BotonDePanicoIOS.xcdatamodeld */ = {
			isa = XCVersionGroup;
			children = (
				045CC01122906BC90029D47F /* BotonDePanicoIOS.xcdatamodel */,
			);
			currentVersion = 045CC01122906BC90029D47F /* BotonDePanicoIOS.xcdatamodel */;
			path = BotonDePanicoIOS.xcdatamodeld;
			sourceTree = "<group>";
			versionGroupType = wrapper.xcdatamodel;
		};
/* End XCVersionGroup section */
	};
	rootObject = 045CBFFE22906BC90029D47F /* Project object */;
}
